
Microsoft Visual Studio Solution File, Format Version 12.00
# Visual Studio Version 16
VisualStudioVersion = 16.0.31205.134
MinimumVisualStudioVersion = 10.0.40219.1
Project("{FAE04EC0-301F-11D3-BF4B-00C04F79EFBC}") = "Bazinga", "Bazinga\Bazinga.csproj", "{3CDD1EB0-C4F5-405B-A7CA-462E3B7A23CD}"
EndProject
Global
	GlobalSection(SolutionConfigurationPlatforms) = preSolution
		Debug|Any CPU = Debug|Any CPU
		Release|Any CPU = Release|Any CPU
	EndGlobalSection
	GlobalSection(ProjectConfigurationPlatforms) = postSolution
		{3CDD1EB0-C4F5-405B-A7CA-462E3B7A23CD}.Debug|Any CPU.ActiveCfg = Debug|Any CPU
		{3CDD1EB0-C4F5-405B-A7CA-462E3B7A23CD}.Debug|Any CPU.Build.0 = Debug|Any CPU
		{3CDD1EB0-C4F5-405B-A7CA-462E3B7A23CD}.Release|Any CPU.ActiveCfg = Release|Any CPU
		{3CDD1EB0-C4F5-405B-A7CA-462E3B7A23CD}.Release|Any CPU.Build.0 = Release|Any CPU
	EndGlobalSection
	GlobalSection(SolutionProperties) = preSolution
		HideSolutionNode = FALSE
	EndGlobalSection
	GlobalSection(ExtensibilityGlobals) = postSolution
		SolutionGuid = {DB0E707B-A6AF-4ACD-98B2-2DF23279D538}
	EndGlobalSection
EndGlobal
